
Microsoft Visual Studio Solution File, Format Version 12.00
# Visual Studio Version 17
VisualStudioVersion = 17.14.37012.4
MinimumVisualStudioVersion = 10.0.40219.1
Project("{FAE04EC0-301F-11D3-BF4B-00C04F79EFBC}") = "Zad1", "Zad1\Zad1.csproj", "{BC783969-66AB-41BD-A100-54C8D5F4131A}"
EndProject
Project("{FAE04EC0-301F-11D3-BF4B-00C04F79EFBC}") = "Geometry", "Geometry\Geometry.csproj", "{52E52BD0-174E-4583-BD7D-377E0F120C55}"
EndProject
Global
	GlobalSection(SolutionConfigurationPlatforms) = preSolution
		Debug|Any CPU = Debug|Any CPU
		Release|Any CPU = Release|Any CPU
	EndGlobalSection
	GlobalSection(ProjectConfigurationPlatforms) = postSolution
		{BC783969-66AB-41BD-A100-54C8D5F4131A}.Debug|Any CPU.ActiveCfg = Debug|Any CPU
		{BC783969-66AB-41BD-A100-54C8D5F4131A}.Debug|Any CPU.Build.0 = Debug|Any CPU
		{BC783969-66AB-41BD-A100-54C8D5F4131A}.Release|Any CPU.ActiveCfg = Release|Any CPU
		{BC783969-66AB-41BD-A100-54C8D5F4131A}.Release|Any CPU.Build.0 = Release|Any CPU
		{52E52BD0-174E-4583-BD7D-377E0F120C55}.Debug|Any CPU.ActiveCfg = Debug|Any CPU
		{52E52BD0-174E-4583-BD7D-377E0F120C55}.Debug|Any CPU.Build.0 = Debug|Any CPU
		{52E52BD0-174E-4583-BD7D-377E0F120C55}.Release|Any CPU.ActiveCfg = Release|Any CPU
		{52E52BD0-174E-4583-BD7D-377E0F120C55}.Release|Any CPU.Build.0 = Release|Any CPU
	EndGlobalSection
	GlobalSection(SolutionProperties) = preSolution
		HideSolutionNode = FALSE
	EndGlobalSection
	GlobalSection(ExtensibilityGlobals) = postSolution
		SolutionGuid = {3F8A1A8A-2FD7-4334-BF55-3CEC39A6F703}
	EndGlobalSection
EndGlobal
